
Microsoft Visual Studio Solution File, Format Version 12.00
# Visual Studio Version 16
VisualStudioVersion = 16.0.31025.194
MinimumVisualStudioVersion = 10.0.40219.1
Project("{2150E333-8FDC-42A3-9474-1A3956D46DE8}") = "Services", "Services", "{D9510CCC-F365-4691-8257-63E989DCEC49}"
EndProject
Project("{2150E333-8FDC-42A3-9474-1A3956D46DE8}") = "Catalog", "Catalog", "{32EF0FBD-8CD2-4D64-9617-CD2641E606FE}"
EndProject
Project("{9A19103F-16F7-4668-BE54-9A1E7A4F7556}") = "Catalog.API", "Services\Catalog\Catalog.API\Catalog.API.csproj", "{4BDE2316-129A-4BCC-BB6F-C0C8781DAD98}"
EndProject
Project("{E53339B2-1760-4266-BCC7-CA923CBCF16C}") = "docker-compose", "docker-compose.dcproj", "{000D04F7-B9A5-4FD2-9FA0-CEE42339D757}"
EndProject
Project("{2150E333-8FDC-42A3-9474-1A3956D46DE8}") = "Basket", "Basket", "{5EF934A5-0634-4CE4-87CD-3C5539A41B33}"
EndProject
Project("{9A19103F-16F7-4668-BE54-9A1E7A4F7556}") = "Basket.API", "Services\Basket\Basket.API\Basket.API.csproj", "{F3166D7B-40F8-4B81-A8FF-E949D4BF5E1F}"
EndProject
Project("{2150E333-8FDC-42A3-9474-1A3956D46DE8}") = "Discount", "Discount", "{8DEB800C-C5CD-4684-9EDB-1496B6E9C2DF}"
EndProject
Project("{FAE04EC0-301F-11D3-BF4B-00C04F79EFBC}") = "Discount.API", "Services\Discount\Discount.API\Discount.API.csproj", "{B8597B2C-CBDB-49C4-91AB-4EB67B4B9C97}"
EndProject
Global
	GlobalSection(SolutionConfigurationPlatforms) = preSolution
		Debug|Any CPU = Debug|Any CPU
		Release|Any CPU = Release|Any CPU
	EndGlobalSection
	GlobalSection(ProjectConfigurationPlatforms) = postSolution
		{4BDE2316-129A-4BCC-BB6F-C0C8781DAD98}.Debug|Any CPU.ActiveCfg = Debug|Any CPU
		{4BDE2316-129A-4BCC-BB6F-C0C8781DAD98}.Debug|Any CPU.Build.0 = Debug|Any CPU
		{4BDE2316-129A-4BCC-BB6F-C0C8781DAD98}.Release|Any CPU.ActiveCfg = Release|Any CPU
		{4BDE2316-129A-4BCC-BB6F-C0C8781DAD98}.Release|Any CPU.Build.0 = Release|Any CPU
		{000D04F7-B9A5-4FD2-9FA0-CEE42339D757}.Debug|Any CPU.ActiveCfg = Debug|Any CPU
		{000D04F7-B9A5-4FD2-9FA0-CEE42339D757}.Debug|Any CPU.Build.0 = Debug|Any CPU
		{000D04F7-B9A5-4FD2-9FA0-CEE42339D757}.Release|Any CPU.ActiveCfg = Release|Any CPU
		{000D04F7-B9A5-4FD2-9FA0-CEE42339D757}.Release|Any CPU.Build.0 = Release|Any CPU
		{F3166D7B-40F8-4B81-A8FF-E949D4BF5E1F}.Debug|Any CPU.ActiveCfg = Debug|Any CPU
		{F3166D7B-40F8-4B81-A8FF-E949D4BF5E1F}.Debug|Any CPU.Build.0 = Debug|Any CPU
		{F3166D7B-40F8-4B81-A8FF-E949D4BF5E1F}.Release|Any CPU.ActiveCfg = Release|Any CPU
		{F3166D7B-40F8-4B81-A8FF-E949D4BF5E1F}.Release|Any CPU.Build.0 = Release|Any CPU
		{B8597B2C-CBDB-49C4-91AB-4EB67B4B9C97}.Debug|Any CPU.ActiveCfg = Debug|Any CPU
		{B8597B2C-CBDB-49C4-91AB-4EB67B4B9C97}.Debug|Any CPU.Build.0 = Debug|Any CPU
		{B8597B2C-CBDB-49C4-91AB-4EB67B4B9C97}.Release|Any CPU.ActiveCfg = Release|Any CPU
		{B8597B2C-CBDB-49C4-91AB-4EB67B4B9C97}.Release|Any CPU.Build.0 = Release|Any CPU
	EndGlobalSection
	GlobalSection(SolutionProperties) = preSolution
		HideSolutionNode = FALSE
	EndGlobalSection
	GlobalSection(NestedProjects) = preSolution
		{32EF0FBD-8CD2-4D64-9617-CD2641E606FE} = {D9510CCC-F365-4691-8257-63E989DCEC49}
		{4BDE2316-129A-4BCC-BB6F-C0C8781DAD98} = {32EF0FBD-8CD2-4D64-9617-CD2641E606FE}
		{5EF934A5-0634-4CE4-87CD-3C5539A41B33} = {D9510CCC-F365-4691-8257-63E989DCEC49}
		{F3166D7B-40F8-4B81-A8FF-E949D4BF5E1F} = {5EF934A5-0634-4CE4-87CD-3C5539A41B33}
		{8DEB800C-C5CD-4684-9EDB-1496B6E9C2DF} = {D9510CCC-F365-4691-8257-63E989DCEC49}
		{B8597B2C-CBDB-49C4-91AB-4EB67B4B9C97} = {8DEB800C-C5CD-4684-9EDB-1496B6E9C2DF}
	EndGlobalSection
	GlobalSection(ExtensibilityGlobals) = postSolution
		SolutionGuid = {2AAD28A7-0A59-41BB-81D3-AC78DEBF9DDF}
	EndGlobalSection
EndGlobal
